{
  "lockfile_version": "1",
  "packages": {
    "darwin.apple_sdk.frameworks.WebKit": {
      "resolved": "github:NixOS/nixpkgs/75a52265bda7fd25e06e3a67dee3f0354e73243c#darwin.apple_sdk.frameworks.WebKit",
      "source": "nixpkg"
    },
    "libiconv@latest": {
      "last_modified": "2024-09-10T15:01:03Z",
      "resolved": "github:NixOS/nixpkgs/5ed627539ac84809c78b2dd6d26a5cebeb5ae269#libiconv",
      "source": "devbox-search",
      "version": "99",
      "systems": {
        "aarch64-darwin": {
          "outputs": [
            {
              "name": "out",
              "path": "/nix/store/cjzmz9dskblgkbv4by2wnsyvdjw6jpcm-libiconv-99",
              "default": true
            },
            {
              "name": "dev",
              "path": "/nix/store/r2jkk7lsmi17m5lp3r7aip9626n07qfz-libiconv-99-dev"
            }
          ],
          "store_path": "/nix/store/cjzmz9dskblgkbv4by2wnsyvdjw6jpcm-libiconv-99"
        },
        "x86_64-darwin": {
          "outputs": [
            {
              "name": "out",
              "path": "/nix/store/byx7hpi5hblzk8hpfd5pg2v7a63m5j15-libiconv-99",
              "default": true
            },
            {
              "name": "dev",
              "path": "/nix/store/iqgcmki7xk4v9fzk67wm63fwjby97cln-libiconv-99-dev"
            }
          ],
          "store_path": "/nix/store/byx7hpi5hblzk8hpfd5pg2v7a63m5j15-libiconv-99"
        }
      }
    },
    "nodejs_22@latest": {
      "last_modified": "2024-09-10T15:01:03Z",
      "plugin_version": "0.0.2",
      "resolved": "github:NixOS/nixpkgs/5ed627539ac84809c78b2dd6d26a5cebeb5ae269#nodejs_22",
      "source": "devbox-search",
      "version": "22.8.0",
      "systems": {
        "aarch64-darwin": {
          "outputs": [
            {
              "name": "out",
              "path": "/nix/store/4r8kqr24z88m1xjbb1qf19p1mi6q35lp-nodejs-22.8.0",
              "default": true
            },
            {
              "name": "libv8",
              "path": "/nix/store/rqpibvqcpjxx26ls9kmdq1fr5yckss9l-nodejs-22.8.0-libv8"
            }
          ],
          "store_path": "/nix/store/4r8kqr24z88m1xjbb1qf19p1mi6q35lp-nodejs-22.8.0"
        },
        "aarch64-linux": {
          "outputs": [
            {
              "name": "out",
              "path": "/nix/store/1wzl2brm8p6sb5b3wsdnn02m56cq36d4-nodejs-22.8.0",
              "default": true
            },
            {
              "name": "libv8",
              "path": "/nix/store/4dwa28gc3w0gr672pcf3j4lfncymdqjf-nodejs-22.8.0-libv8"
            }
          ],
          "store_path": "/nix/store/1wzl2brm8p6sb5b3wsdnn02m56cq36d4-nodejs-22.8.0"
        },
        "x86_64-darwin": {
          "outputs": [
            {
              "name": "out",
              "path": "/nix/store/mcdq9d48r8c2j29zgr7i80vnjzwh2lc3-nodejs-22.8.0",
              "default": true
            },
            {
              "name": "libv8",
              "path": "/nix/store/16kfmgbsspjg1kpdvf9np5v2h371dh40-nodejs-22.8.0-libv8"
            }
          ],
          "store_path": "/nix/store/mcdq9d48r8c2j29zgr7i80vnjzwh2lc3-nodejs-22.8.0"
        },
        "x86_64-linux": {
          "outputs": [
            {
              "name": "out",
              "path": "/nix/store/xsrv93rg8vi05k9ig6v9mcvcyn01n6n2-nodejs-22.8.0",
              "default": true
            },
            {
              "name": "libv8",
              "path": "/nix/store/gp8fkyafy0anm5pgdcq2x3qs2fm8syhl-nodejs-22.8.0-libv8"
            }
          ],
          "store_path": "/nix/store/xsrv93rg8vi05k9ig6v9mcvcyn01n6n2-nodejs-22.8.0"
        }
      }
    },
    "rustup@latest": {
      "last_modified": "2024-09-10T15:01:03Z",
      "plugin_version": "0.0.1",
      "resolved": "github:NixOS/nixpkgs/5ed627539ac84809c78b2dd6d26a5cebeb5ae269#rustup",
      "source": "devbox-search",
      "version": "1.27.1",
      "systems": {
        "aarch64-darwin": {
          "outputs": [
            {
              "name": "out",
              "path": "/nix/store/prbpax89x3wad4f2ckjbxs5z9bh39yfj-rustup-1.27.1",
              "default": true
            }
          ],
          "store_path": "/nix/store/prbpax89x3wad4f2ckjbxs5z9bh39yfj-rustup-1.27.1"
        },
        "aarch64-linux": {
          "outputs": [
            {
              "name": "out",
              "path": "/nix/store/cw6vj5y265hixh2l80rwv7pb9n39s80s-rustup-1.27.1",
              "default": true
            }
          ],
          "store_path": "/nix/store/cw6vj5y265hixh2l80rwv7pb9n39s80s-rustup-1.27.1"
        },
        "x86_64-darwin": {
          "outputs": [
            {
              "name": "out",
              "path": "/nix/store/hf2hwb243fwclc417mmacyyas2fnkqxg-rustup-1.27.1",
              "default": true
            }
          ],
          "store_path": "/nix/store/hf2hwb243fwclc417mmacyyas2fnkqxg-rustup-1.27.1"
        },
        "x86_64-linux": {
          "outputs": [
            {
              "name": "out",
              "path": "/nix/store/a04bnqgj3mvg777a70jymwnxcgm7cdcv-rustup-1.27.1",
              "default": true
            }
          ],
          "store_path": "/nix/store/a04bnqgj3mvg777a70jymwnxcgm7cdcv-rustup-1.27.1"
        }
      }
    }
  }
}
